
Microsoft Visual Studio Solution File, Format Version 12.00
# Visual Studio 14
VisualStudioVersion = 14.0.25420.1
MinimumVisualStudioVersion = 10.0.40219.1
Project("{FAE04EC0-301F-11D3-BF4B-00C04F79EFBC}") = "RestfulServiceXamarinAndroidiOS.Droid", "RestfulServiceXamarinAndroidiOS\RestfulServiceXamarinAndroidiOS.Droid\RestfulServiceXamarinAndroidiOS.Droid.csproj", "{2A4713E2-F73B-4403-8A11-75C43EBD75D3}"
EndProject
Project("{FAE04EC0-301F-11D3-BF4B-00C04F79EFBC}") = "RestfulServiceXamarinAndroidiOS.iOS", "RestfulServiceXamarinAndroidiOS\RestfulServiceXamarinAndroidiOS.iOS\RestfulServiceXamarinAndroidiOS.iOS.csproj", "{3B1EE70C-3C7D-4C8F-B753-201EE919449D}"
EndProject
Project("{FAE04EC0-301F-11D3-BF4B-00C04F79EFBC}") = "RestfulServiceXamarinAndroidiOS", "RestfulServiceXamarinAndroidiOS\RestfulServiceXamarinAndroidiOS\RestfulServiceXamarinAndroidiOS.csproj", "{313A32C4-CF0D-4630-88E1-FF591E091244}"
EndProject
Global
	GlobalSection(SolutionConfigurationPlatforms) = preSolution
		Debug|Any CPU = Debug|Any CPU
		Debug|iPhone = Debug|iPhone
		Debug|iPhoneSimulator = Debug|iPhoneSimulator
		Release|Any CPU = Release|Any CPU
		Release|iPhone = Release|iPhone
		Release|iPhoneSimulator = Release|iPhoneSimulator
	EndGlobalSection
	GlobalSection(ProjectConfigurationPlatforms) = postSolution
		{2A4713E2-F73B-4403-8A11-75C43EBD75D3}.Debug|Any CPU.ActiveCfg = Debug|Any CPU
		{2A4713E2-F73B-4403-8A11-75C43EBD75D3}.Debug|Any CPU.Build.0 = Debug|Any CPU
		{2A4713E2-F73B-4403-8A11-75C43EBD75D3}.Debug|Any CPU.Deploy.0 = Debug|Any CPU
		{2A4713E2-F73B-4403-8A11-75C43EBD75D3}.Debug|iPhone.ActiveCfg = Debug|Any CPU
		{2A4713E2-F73B-4403-8A11-75C43EBD75D3}.Debug|iPhone.Build.0 = Debug|Any CPU
		{2A4713E2-F73B-4403-8A11-75C43EBD75D3}.Debug|iPhone.Deploy.0 = Debug|Any CPU
		{2A4713E2-F73B-4403-8A11-75C43EBD75D3}.Debug|iPhoneSimulator.ActiveCfg = Debug|Any CPU
		{2A4713E2-F73B-4403-8A11-75C43EBD75D3}.Debug|iPhoneSimulator.Build.0 = Debug|Any CPU
		{2A4713E2-F73B-4403-8A11-75C43EBD75D3}.Debug|iPhoneSimulator.Deploy.0 = Debug|Any CPU
		{2A4713E2-F73B-4403-8A11-75C43EBD75D3}.Release|Any CPU.ActiveCfg = Release|Any CPU
		{2A4713E2-F73B-4403-8A11-75C43EBD75D3}.Release|Any CPU.Build.0 = Release|Any CPU
		{2A4713E2-F73B-4403-8A11-75C43EBD75D3}.Release|Any CPU.Deploy.0 = Release|Any CPU
		{2A4713E2-F73B-4403-8A11-75C43EBD75D3}.Release|iPhone.ActiveCfg = Release|Any CPU
		{2A4713E2-F73B-4403-8A11-75C43EBD75D3}.Release|iPhone.Build.0 = Release|Any CPU
		{2A4713E2-F73B-4403-8A11-75C43EBD75D3}.Release|iPhone.Deploy.0 = Release|Any CPU
		{2A4713E2-F73B-4403-8A11-75C43EBD75D3}.Release|iPhoneSimulator.ActiveCfg = Release|Any CPU
		{2A4713E2-F73B-4403-8A11-75C43EBD75D3}.Release|iPhoneSimulator.Build.0 = Release|Any CPU
		{2A4713E2-F73B-4403-8A11-75C43EBD75D3}.Release|iPhoneSimulator.Deploy.0 = Release|Any CPU
		{3B1EE70C-3C7D-4C8F-B753-201EE919449D}.Debug|Any CPU.ActiveCfg = Debug|iPhone
		{3B1EE70C-3C7D-4C8F-B753-201EE919449D}.Debug|iPhone.ActiveCfg = Debug|iPhone
		{3B1EE70C-3C7D-4C8F-B753-201EE919449D}.Debug|iPhone.Build.0 = Debug|iPhone
		{3B1EE70C-3C7D-4C8F-B753-201EE919449D}.Debug|iPhoneSimulator.ActiveCfg = Debug|iPhoneSimulator
		{3B1EE70C-3C7D-4C8F-B753-201EE919449D}.Debug|iPhoneSimulator.Build.0 = Debug|iPhoneSimulator
		{3B1EE70C-3C7D-4C8F-B753-201EE919449D}.Release|Any CPU.ActiveCfg = Release|iPhone
		{3B1EE70C-3C7D-4C8F-B753-201EE919449D}.Release|iPhone.ActiveCfg = Release|iPhone
		{3B1EE70C-3C7D-4C8F-B753-201EE919449D}.Release|iPhone.Build.0 = Release|iPhone
		{3B1EE70C-3C7D-4C8F-B753-201EE919449D}.Release|iPhoneSimulator.ActiveCfg = Release|iPhoneSimulator
		{3B1EE70C-3C7D-4C8F-B753-201EE919449D}.Release|iPhoneSimulator.Build.0 = Release|iPhoneSimulator
		{313A32C4-CF0D-4630-88E1-FF591E091244}.Debug|Any CPU.ActiveCfg = Debug|Any CPU
		{313A32C4-CF0D-4630-88E1-FF591E091244}.Debug|Any CPU.Build.0 = Debug|Any CPU
		{313A32C4-CF0D-4630-88E1-FF591E091244}.Debug|iPhone.ActiveCfg = Debug|Any CPU
		{313A32C4-CF0D-4630-88E1-FF591E091244}.Debug|iPhone.Build.0 = Debug|Any CPU
		{313A32C4-CF0D-4630-88E1-FF591E091244}.Debug|iPhoneSimulator.ActiveCfg = Debug|Any CPU
		{313A32C4-CF0D-4630-88E1-FF591E091244}.Debug|iPhoneSimulator.Build.0 = Debug|Any CPU
		{313A32C4-CF0D-4630-88E1-FF591E091244}.Release|Any CPU.ActiveCfg = Release|Any CPU
		{313A32C4-CF0D-4630-88E1-FF591E091244}.Release|Any CPU.Build.0 = Release|Any CPU
		{313A32C4-CF0D-4630-88E1-FF591E091244}.Release|iPhone.ActiveCfg = Release|Any CPU
		{313A32C4-CF0D-4630-88E1-FF591E091244}.Release|iPhone.Build.0 = Release|Any CPU
		{313A32C4-CF0D-4630-88E1-FF591E091244}.Release|iPhoneSimulator.ActiveCfg = Release|Any CPU
		{313A32C4-CF0D-4630-88E1-FF591E091244}.Release|iPhoneSimulator.Build.0 = Release|Any CPU
	EndGlobalSection
	GlobalSection(SolutionProperties) = preSolution
		HideSolutionNode = FALSE
	EndGlobalSection
EndGlobal
